
Microsoft Visual Studio Solution File, Format Version 12.00
# Visual Studio 2013
VisualStudioVersion = 12.0.30723.0
MinimumVisualStudioVersion = 10.0.40219.1
Project("{FAE04EC0-301F-11D3-BF4B-00C04F79EFBC}") = "ModernWPF", "src\ModernWPF\ModernWPF.csproj", "{77D86B3D-EE36-4E4F-951D-A220DE7FBCCB}"
EndProject
Project("{2150E333-8FDC-42A3-9474-1A3956D46DE8}") = "Shared", "Shared", "{D41E34D6-9D5E-40AE-BA89-2EFC75023605}"
	ProjectSection(SolutionItems) = preProject
		LICENSE.txt = LICENSE.txt
		ModernUIIcons-License.txt = ModernUIIcons-License.txt
		README.markdown = README.markdown
	EndProjectSection
EndProject
Project("{FAE04EC0-301F-11D3-BF4B-00C04F79EFBC}") = "ModernWPF.Sample", "samples\ModernWPF.Sample\ModernWPF.Sample.csproj", "{816E78C7-1709-4586-A59D-B52D3495DE26}"
EndProject
Project("{FAE04EC0-301F-11D3-BF4B-00C04F79EFBC}") = "ModernWPF.Tests", "tests\ModernWPF.Tests\ModernWPF.Tests.csproj", "{312EC5C2-E085-4434-AFD2-86EADBC5DD32}"
EndProject
Project("{FAE04EC0-301F-11D3-BF4B-00C04F79EFBC}") = "ModernWPF.Mvvm.Tests", "tests\ModernWPF.Mvvm.Tests\ModernWPF.Mvvm.Tests.csproj", "{6B588EFA-5231-4312-B50C-5E5EC0A5B1CA}"
EndProject
Project("{2150E333-8FDC-42A3-9474-1A3956D46DE8}") = "Tests", "Tests", "{0278F598-E288-4CF9-80FC-E1EBA2891A5E}"
EndProject
Project("{FAE04EC0-301F-11D3-BF4B-00C04F79EFBC}") = "ModernWPF.Mvvm.Net4", "src\ModernWPF.Mvvm.Net4\ModernWPF.Mvvm.Net4.csproj", "{71FFB214-7239-48E1-BF7C-986E9EE870D4}"
EndProject
Project("{FAE04EC0-301F-11D3-BF4B-00C04F79EFBC}") = "ModernWPF.Mvvm", "src\ModernWPF.Mvvm\ModernWPF.Mvvm.csproj", "{92496A6F-31C4-4EFA-B64D-688C1EF32B6B}"
EndProject
Global
	GlobalSection(SolutionConfigurationPlatforms) = preSolution
		Debug|Any CPU = Debug|Any CPU
		Release|Any CPU = Release|Any CPU
	EndGlobalSection
	GlobalSection(ProjectConfigurationPlatforms) = postSolution
		{77D86B3D-EE36-4E4F-951D-A220DE7FBCCB}.Debug|Any CPU.ActiveCfg = Debug|Any CPU
		{77D86B3D-EE36-4E4F-951D-A220DE7FBCCB}.Debug|Any CPU.Build.0 = Debug|Any CPU
		{77D86B3D-EE36-4E4F-951D-A220DE7FBCCB}.Release|Any CPU.ActiveCfg = Release|Any CPU
		{77D86B3D-EE36-4E4F-951D-A220DE7FBCCB}.Release|Any CPU.Build.0 = Release|Any CPU
		{816E78C7-1709-4586-A59D-B52D3495DE26}.Debug|Any CPU.ActiveCfg = Debug|Any CPU
		{816E78C7-1709-4586-A59D-B52D3495DE26}.Debug|Any CPU.Build.0 = Debug|Any CPU
		{816E78C7-1709-4586-A59D-B52D3495DE26}.Release|Any CPU.ActiveCfg = Release|Any CPU
		{816E78C7-1709-4586-A59D-B52D3495DE26}.Release|Any CPU.Build.0 = Release|Any CPU
		{312EC5C2-E085-4434-AFD2-86EADBC5DD32}.Debug|Any CPU.ActiveCfg = Debug|Any CPU
		{312EC5C2-E085-4434-AFD2-86EADBC5DD32}.Debug|Any CPU.Build.0 = Debug|Any CPU
		{312EC5C2-E085-4434-AFD2-86EADBC5DD32}.Release|Any CPU.ActiveCfg = Release|Any CPU
		{312EC5C2-E085-4434-AFD2-86EADBC5DD32}.Release|Any CPU.Build.0 = Release|Any CPU
		{6B588EFA-5231-4312-B50C-5E5EC0A5B1CA}.Debug|Any CPU.ActiveCfg = Debug|Any CPU
		{6B588EFA-5231-4312-B50C-5E5EC0A5B1CA}.Debug|Any CPU.Build.0 = Debug|Any CPU
		{6B588EFA-5231-4312-B50C-5E5EC0A5B1CA}.Release|Any CPU.ActiveCfg = Release|Any CPU
		{6B588EFA-5231-4312-B50C-5E5EC0A5B1CA}.Release|Any CPU.Build.0 = Release|Any CPU
		{71FFB214-7239-48E1-BF7C-986E9EE870D4}.Debug|Any CPU.ActiveCfg = Debug|Any CPU
		{71FFB214-7239-48E1-BF7C-986E9EE870D4}.Debug|Any CPU.Build.0 = Debug|Any CPU
		{71FFB214-7239-48E1-BF7C-986E9EE870D4}.Release|Any CPU.ActiveCfg = Release|Any CPU
		{71FFB214-7239-48E1-BF7C-986E9EE870D4}.Release|Any CPU.Build.0 = Release|Any CPU
		{92496A6F-31C4-4EFA-B64D-688C1EF32B6B}.Debug|Any CPU.ActiveCfg = Debug|Any CPU
		{92496A6F-31C4-4EFA-B64D-688C1EF32B6B}.Debug|Any CPU.Build.0 = Debug|Any CPU
		{92496A6F-31C4-4EFA-B64D-688C1EF32B6B}.Release|Any CPU.ActiveCfg = Release|Any CPU
		{92496A6F-31C4-4EFA-B64D-688C1EF32B6B}.Release|Any CPU.Build.0 = Release|Any CPU
	EndGlobalSection
	GlobalSection(SolutionProperties) = preSolution
		HideSolutionNode = FALSE
	EndGlobalSection
	GlobalSection(NestedProjects) = preSolution
		{312EC5C2-E085-4434-AFD2-86EADBC5DD32} = {0278F598-E288-4CF9-80FC-E1EBA2891A5E}
		{6B588EFA-5231-4312-B50C-5E5EC0A5B1CA} = {0278F598-E288-4CF9-80FC-E1EBA2891A5E}
	EndGlobalSection
EndGlobal
